
Microsoft Visual Studio Solution File, Format Version 12.00
# Visual Studio Version 17
VisualStudioVersion = 17.10.34916.146
MinimumVisualStudioVersion = 10.0.40219.1
Project("{8BC9CEB8-8B4A-11D0-8D11-00A0C91BC942}") = "BOJ", "BOJ\BOJ.vcxproj", "{9C523273-4DC7-4B19-896E-F538185B29B9}"
EndProject
Project("{8BC9CEB8-8B4A-11D0-8D11-00A0C91BC942}") = "Array", "Array\Array.vcxproj", "{84D41120-FEE9-43C2-AF84-B85BCB716BFB}"
EndProject
Project("{8BC9CEB8-8B4A-11D0-8D11-00A0C91BC942}") = "10808", "10808\10808.vcxproj", "{B6A77051-A0BB-4169-80DB-C514D0F175A3}"
EndProject
Project("{8BC9CEB8-8B4A-11D0-8D11-00A0C91BC942}") = "LinkedList", "LinkedList\LinkedList.vcxproj", "{635F42BD-9D72-4668-B376-8CA3C416CFA1}"
EndProject
Project("{8BC9CEB8-8B4A-11D0-8D11-00A0C91BC942}") = "1406", "1406\1406.vcxproj", "{431C2F8C-A349-45F1-BEB7-4C8961C1EAB5}"
EndProject
Project("{8BC9CEB8-8B4A-11D0-8D11-00A0C91BC942}") = "Stack", "Stack\Stack.vcxproj", "{FEB9D720-40BC-4C6F-9480-37C5C37B59E0}"
EndProject
Project("{8BC9CEB8-8B4A-11D0-8D11-00A0C91BC942}") = "10828", "10828\10828.vcxproj", "{FD0C9695-0DA7-4EED-8501-57FF55B634D0}"
EndProject
Project("{8BC9CEB8-8B4A-11D0-8D11-00A0C91BC942}") = "Queue", "Queue\Queue.vcxproj", "{5F7DD532-01C8-4897-99E7-BFB803F59759}"
EndProject
Project("{8BC9CEB8-8B4A-11D0-8D11-00A0C91BC942}") = "10845", "10845\10845.vcxproj", "{F48F8143-05C6-480B-9CDA-8ED6A3AB1E7A}"
EndProject
Project("{8BC9CEB8-8B4A-11D0-8D11-00A0C91BC942}") = "Dequeue", "Dequeue\Dequeue.vcxproj", "{659CD8C5-7947-4DBC-9F1C-97B3324206B3}"
EndProject
Project("{8BC9CEB8-8B4A-11D0-8D11-00A0C91BC942}") = "10866", "10866\10866.vcxproj", "{6D74B231-9CD2-414E-9A07-4B3A49A6EE9C}"
EndProject
Global
	GlobalSection(SolutionConfigurationPlatforms) = preSolution
		Debug|x64 = Debug|x64
		Debug|x86 = Debug|x86
		Release|x64 = Release|x64
		Release|x86 = Release|x86
	EndGlobalSection
	GlobalSection(ProjectConfigurationPlatforms) = postSolution
		{9C523273-4DC7-4B19-896E-F538185B29B9}.Debug|x64.ActiveCfg = Debug|x64
		{9C523273-4DC7-4B19-896E-F538185B29B9}.Debug|x64.Build.0 = Debug|x64
		{9C523273-4DC7-4B19-896E-F538185B29B9}.Debug|x86.ActiveCfg = Debug|Win32
		{9C523273-4DC7-4B19-896E-F538185B29B9}.Debug|x86.Build.0 = Debug|Win32
		{9C523273-4DC7-4B19-896E-F538185B29B9}.Release|x64.ActiveCfg = Release|x64
		{9C523273-4DC7-4B19-896E-F538185B29B9}.Release|x64.Build.0 = Release|x64
		{9C523273-4DC7-4B19-896E-F538185B29B9}.Release|x86.ActiveCfg = Release|Win32
		{9C523273-4DC7-4B19-896E-F538185B29B9}.Release|x86.Build.0 = Release|Win32
		{84D41120-FEE9-43C2-AF84-B85BCB716BFB}.Debug|x64.ActiveCfg = Debug|x64
		{84D41120-FEE9-43C2-AF84-B85BCB716BFB}.Debug|x64.Build.0 = Debug|x64
		{84D41120-FEE9-43C2-AF84-B85BCB716BFB}.Debug|x86.ActiveCfg = Debug|Win32
		{84D41120-FEE9-43C2-AF84-B85BCB716BFB}.Debug|x86.Build.0 = Debug|Win32
		{84D41120-FEE9-43C2-AF84-B85BCB716BFB}.Release|x64.ActiveCfg = Release|x64
		{84D41120-FEE9-43C2-AF84-B85BCB716BFB}.Release|x64.Build.0 = Release|x64
		{84D41120-FEE9-43C2-AF84-B85BCB716BFB}.Release|x86.ActiveCfg = Release|Win32
		{84D41120-FEE9-43C2-AF84-B85BCB716BFB}.Release|x86.Build.0 = Release|Win32
		{B6A77051-A0BB-4169-80DB-C514D0F175A3}.Debug|x64.ActiveCfg = Debug|x64
		{B6A77051-A0BB-4169-80DB-C514D0F175A3}.Debug|x64.Build.0 = Debug|x64
		{B6A77051-A0BB-4169-80DB-C514D0F175A3}.Debug|x86.ActiveCfg = Debug|Win32
		{B6A77051-A0BB-4169-80DB-C514D0F175A3}.Debug|x86.Build.0 = Debug|Win32
		{B6A77051-A0BB-4169-80DB-C514D0F175A3}.Release|x64.ActiveCfg = Release|x64
		{B6A77051-A0BB-4169-80DB-C514D0F175A3}.Release|x64.Build.0 = Release|x64
		{B6A77051-A0BB-4169-80DB-C514D0F175A3}.Release|x86.ActiveCfg = Release|Win32
		{B6A77051-A0BB-4169-80DB-C514D0F175A3}.Release|x86.Build.0 = Release|Win32
		{635F42BD-9D72-4668-B376-8CA3C416CFA1}.Debug|x64.ActiveCfg = Debug|x64
		{635F42BD-9D72-4668-B376-8CA3C416CFA1}.Debug|x64.Build.0 = Debug|x64
		{635F42BD-9D72-4668-B376-8CA3C416CFA1}.Debug|x86.ActiveCfg = Debug|Win32
		{635F42BD-9D72-4668-B376-8CA3C416CFA1}.Debug|x86.Build.0 = Debug|Win32
		{635F42BD-9D72-4668-B376-8CA3C416CFA1}.Release|x64.ActiveCfg = Release|x64
		{635F42BD-9D72-4668-B376-8CA3C416CFA1}.Release|x64.Build.0 = Release|x64
		{635F42BD-9D72-4668-B376-8CA3C416CFA1}.Release|x86.ActiveCfg = Release|Win32
		{635F42BD-9D72-4668-B376-8CA3C416CFA1}.Release|x86.Build.0 = Release|Win32
		{431C2F8C-A349-45F1-BEB7-4C8961C1EAB5}.Debug|x64.ActiveCfg = Debug|x64
		{431C2F8C-A349-45F1-BEB7-4C8961C1EAB5}.Debug|x64.Build.0 = Debug|x64
		{431C2F8C-A349-45F1-BEB7-4C8961C1EAB5}.Debug|x86.ActiveCfg = Debug|Win32
		{431C2F8C-A349-45F1-BEB7-4C8961C1EAB5}.Debug|x86.Build.0 = Debug|Win32
		{431C2F8C-A349-45F1-BEB7-4C8961C1EAB5}.Release|x64.ActiveCfg = Release|x64
		{431C2F8C-A349-45F1-BEB7-4C8961C1EAB5}.Release|x64.Build.0 = Release|x64
		{431C2F8C-A349-45F1-BEB7-4C8961C1EAB5}.Release|x86.ActiveCfg = Release|Win32
		{431C2F8C-A349-45F1-BEB7-4C8961C1EAB5}.Release|x86.Build.0 = Release|Win32
		{FEB9D720-40BC-4C6F-9480-37C5C37B59E0}.Debug|x64.ActiveCfg = Debug|x64
		{FEB9D720-40BC-4C6F-9480-37C5C37B59E0}.Debug|x64.Build.0 = Debug|x64
		{FEB9D720-40BC-4C6F-9480-37C5C37B59E0}.Debug|x86.ActiveCfg = Debug|Win32
		{FEB9D720-40BC-4C6F-9480-37C5C37B59E0}.Debug|x86.Build.0 = Debug|Win32
		{FEB9D720-40BC-4C6F-9480-37C5C37B59E0}.Release|x64.ActiveCfg = Release|x64
		{FEB9D720-40BC-4C6F-9480-37C5C37B59E0}.Release|x64.Build.0 = Release|x64
		{FEB9D720-40BC-4C6F-9480-37C5C37B59E0}.Release|x86.ActiveCfg = Release|Win32
		{FEB9D720-40BC-4C6F-9480-37C5C37B59E0}.Release|x86.Build.0 = Release|Win32
		{FD0C9695-0DA7-4EED-8501-57FF55B634D0}.Debug|x64.ActiveCfg = Debug|x64
		{FD0C9695-0DA7-4EED-8501-57FF55B634D0}.Debug|x64.Build.0 = Debug|x64
		{FD0C9695-0DA7-4EED-8501-57FF55B634D0}.Debug|x86.ActiveCfg = Debug|Win32
		{FD0C9695-0DA7-4EED-8501-57FF55B634D0}.Debug|x86.Build.0 = Debug|Win32
		{FD0C9695-0DA7-4EED-8501-57FF55B634D0}.Release|x64.ActiveCfg = Release|x64
		{FD0C9695-0DA7-4EED-8501-57FF55B634D0}.Release|x64.Build.0 = Release|x64
		{FD0C9695-0DA7-4EED-8501-57FF55B634D0}.Release|x86.ActiveCfg = Release|Win32
		{FD0C9695-0DA7-4EED-8501-57FF55B634D0}.Release|x86.Build.0 = Release|Win32
		{5F7DD532-01C8-4897-99E7-BFB803F59759}.Debug|x64.ActiveCfg = Debug|x64
		{5F7DD532-01C8-4897-99E7-BFB803F59759}.Debug|x64.Build.0 = Debug|x64
		{5F7DD532-01C8-4897-99E7-BFB803F59759}.Debug|x86.ActiveCfg = Debug|Win32
		{5F7DD532-01C8-4897-99E7-BFB803F59759}.Debug|x86.Build.0 = Debug|Win32
		{5F7DD532-01C8-4897-99E7-BFB803F59759}.Release|x64.ActiveCfg = Release|x64
		{5F7DD532-01C8-4897-99E7-BFB803F59759}.Release|x64.Build.0 = Release|x64
		{5F7DD532-01C8-4897-99E7-BFB803F59759}.Release|x86.ActiveCfg = Release|Win32
		{5F7DD532-01C8-4897-99E7-BFB803F59759}.Release|x86.Build.0 = Release|Win32
		{F48F8143-05C6-480B-9CDA-8ED6A3AB1E7A}.Debug|x64.ActiveCfg = Debug|x64
		{F48F8143-05C6-480B-9CDA-8ED6A3AB1E7A}.Debug|x64.Build.0 = Debug|x64
		{F48F8143-05C6-480B-9CDA-8ED6A3AB1E7A}.Debug|x86.ActiveCfg = Debug|Win32
		{F48F8143-05C6-480B-9CDA-8ED6A3AB1E7A}.Debug|x86.Build.0 = Debug|Win32
		{F48F8143-05C6-480B-9CDA-8ED6A3AB1E7A}.Release|x64.ActiveCfg = Release|x64
		{F48F8143-05C6-480B-9CDA-8ED6A3AB1E7A}.Release|x64.Build.0 = Release|x64
		{F48F8143-05C6-480B-9CDA-8ED6A3AB1E7A}.Release|x86.ActiveCfg = Release|Win32
		{F48F8143-05C6-480B-9CDA-8ED6A3AB1E7A}.Release|x86.Build.0 = Release|Win32
		{659CD8C5-7947-4DBC-9F1C-97B3324206B3}.Debug|x64.ActiveCfg = Debug|x64
		{659CD8C5-7947-4DBC-9F1C-97B3324206B3}.Debug|x64.Build.0 = Debug|x64
		{659CD8C5-7947-4DBC-9F1C-97B3324206B3}.Debug|x86.ActiveCfg = Debug|Win32
		{659CD8C5-7947-4DBC-9F1C-97B3324206B3}.Debug|x86.Build.0 = Debug|Win32
		{659CD8C5-7947-4DBC-9F1C-97B3324206B3}.Release|x64.ActiveCfg = Release|x64
		{659CD8C5-7947-4DBC-9F1C-97B3324206B3}.Release|x64.Build.0 = Release|x64
		{659CD8C5-7947-4DBC-9F1C-97B3324206B3}.Release|x86.ActiveCfg = Release|Win32
		{659CD8C5-7947-4DBC-9F1C-97B3324206B3}.Release|x86.Build.0 = Release|Win32
		{6D74B231-9CD2-414E-9A07-4B3A49A6EE9C}.Debug|x64.ActiveCfg = Debug|x64
		{6D74B231-9CD2-414E-9A07-4B3A49A6EE9C}.Debug|x64.Build.0 = Debug|x64
		{6D74B231-9CD2-414E-9A07-4B3A49A6EE9C}.Debug|x86.ActiveCfg = Debug|Win32
		{6D74B231-9CD2-414E-9A07-4B3A49A6EE9C}.Debug|x86.Build.0 = Debug|Win32
		{6D74B231-9CD2-414E-9A07-4B3A49A6EE9C}.Release|x64.ActiveCfg = Release|x64
		{6D74B231-9CD2-414E-9A07-4B3A49A6EE9C}.Release|x64.Build.0 = Release|x64
		{6D74B231-9CD2-414E-9A07-4B3A49A6EE9C}.Release|x86.ActiveCfg = Release|Win32
		{6D74B231-9CD2-414E-9A07-4B3A49A6EE9C}.Release|x86.Build.0 = Release|Win32
	EndGlobalSection
	GlobalSection(SolutionProperties) = preSolution
		HideSolutionNode = FALSE
	EndGlobalSection
	GlobalSection(ExtensibilityGlobals) = postSolution
		SolutionGuid = {42C9882B-9614-4994-ABDF-3F311C73C2EB}
	EndGlobalSection
EndGlobal
